
Microsoft Visual Studio Solution File, Format Version 12.00
# Visual Studio Version 17
VisualStudioVersion = 17.14.36915.13
MinimumVisualStudioVersion = 10.0.40219.1
Project("{FAE04EC0-301F-11D3-BF4B-00C04F79EFBC}") = "WeatherWeb", "src\WeatherWeb.API\WeatherWeb.csproj", "{7F5E2F9B-D2FF-09AE-CCBE-26B6FE3A1F37}"
EndProject
Project("{2150E333-8FDC-42A3-9474-1A3956D46DE8}") = "tests", "tests", "{0AB3BF05-4346-4AA6-1389-037BE0695223}"
EndProject
Project("{FAE04EC0-301F-11D3-BF4B-00C04F79EFBC}") = "WeatherWeb.Tests", "tests\WeatherWeb.Tests\WeatherWeb.Tests.csproj", "{A4558CFC-E1E9-4DFB-9285-FED2EDD2BB26}"
EndProject
Project("{2150E333-8FDC-42A3-9474-1A3956D46DE8}") = "src", "src", "{827E0CD3-B72D-47B6-A68D-7590B98EB39B}"
EndProject
Project("{2150E333-8FDC-42A3-9474-1A3956D46DE8}") = "WeatherWeb.API", "WeatherWeb.API", "{7B304249-3AAF-2570-B466-DAD3308DEDE2}"
EndProject
Global
	GlobalSection(SolutionConfigurationPlatforms) = preSolution
		Debug|Any CPU = Debug|Any CPU
		Debug|x64 = Debug|x64
		Debug|x86 = Debug|x86
		Release|Any CPU = Release|Any CPU
		Release|x64 = Release|x64
		Release|x86 = Release|x86
	EndGlobalSection
	GlobalSection(ProjectConfigurationPlatforms) = postSolution
		{7F5E2F9B-D2FF-09AE-CCBE-26B6FE3A1F37}.Debug|Any CPU.ActiveCfg = Debug|Any CPU
		{7F5E2F9B-D2FF-09AE-CCBE-26B6FE3A1F37}.Debug|Any CPU.Build.0 = Debug|Any CPU
		{7F5E2F9B-D2FF-09AE-CCBE-26B6FE3A1F37}.Debug|x64.ActiveCfg = Debug|Any CPU
		{7F5E2F9B-D2FF-09AE-CCBE-26B6FE3A1F37}.Debug|x64.Build.0 = Debug|Any CPU
		{7F5E2F9B-D2FF-09AE-CCBE-26B6FE3A1F37}.Debug|x86.ActiveCfg = Debug|Any CPU
		{7F5E2F9B-D2FF-09AE-CCBE-26B6FE3A1F37}.Debug|x86.Build.0 = Debug|Any CPU
		{7F5E2F9B-D2FF-09AE-CCBE-26B6FE3A1F37}.Release|Any CPU.ActiveCfg = Release|Any CPU
		{7F5E2F9B-D2FF-09AE-CCBE-26B6FE3A1F37}.Release|Any CPU.Build.0 = Release|Any CPU
		{7F5E2F9B-D2FF-09AE-CCBE-26B6FE3A1F37}.Release|x64.ActiveCfg = Release|Any CPU
		{7F5E2F9B-D2FF-09AE-CCBE-26B6FE3A1F37}.Release|x64.Build.0 = Release|Any CPU
		{7F5E2F9B-D2FF-09AE-CCBE-26B6FE3A1F37}.Release|x86.ActiveCfg = Release|Any CPU
		{7F5E2F9B-D2FF-09AE-CCBE-26B6FE3A1F37}.Release|x86.Build.0 = Release|Any CPU
		{A4558CFC-E1E9-4DFB-9285-FED2EDD2BB26}.Debug|Any CPU.ActiveCfg = Debug|Any CPU
		{A4558CFC-E1E9-4DFB-9285-FED2EDD2BB26}.Debug|Any CPU.Build.0 = Debug|Any CPU
		{A4558CFC-E1E9-4DFB-9285-FED2EDD2BB26}.Debug|x64.ActiveCfg = Debug|Any CPU
		{A4558CFC-E1E9-4DFB-9285-FED2EDD2BB26}.Debug|x64.Build.0 = Debug|Any CPU
		{A4558CFC-E1E9-4DFB-9285-FED2EDD2BB26}.Debug|x86.ActiveCfg = Debug|Any CPU
		{A4558CFC-E1E9-4DFB-9285-FED2EDD2BB26}.Debug|x86.Build.0 = Debug|Any CPU
		{A4558CFC-E1E9-4DFB-9285-FED2EDD2BB26}.Release|Any CPU.ActiveCfg = Release|Any CPU
		{A4558CFC-E1E9-4DFB-9285-FED2EDD2BB26}.Release|Any CPU.Build.0 = Release|Any CPU
		{A4558CFC-E1E9-4DFB-9285-FED2EDD2BB26}.Release|x64.ActiveCfg = Release|Any CPU
		{A4558CFC-E1E9-4DFB-9285-FED2EDD2BB26}.Release|x64.Build.0 = Release|Any CPU
		{A4558CFC-E1E9-4DFB-9285-FED2EDD2BB26}.Release|x86.ActiveCfg = Release|Any CPU
		{A4558CFC-E1E9-4DFB-9285-FED2EDD2BB26}.Release|x86.Build.0 = Release|Any CPU
	EndGlobalSection
	GlobalSection(SolutionProperties) = preSolution
		HideSolutionNode = FALSE
	EndGlobalSection
	GlobalSection(NestedProjects) = preSolution
		{A4558CFC-E1E9-4DFB-9285-FED2EDD2BB26} = {0AB3BF05-4346-4AA6-1389-037BE0695223}
		{7B304249-3AAF-2570-B466-DAD3308DEDE2} = {827E0CD3-B72D-47B6-A68D-7590B98EB39B}
	EndGlobalSection
	GlobalSection(ExtensibilityGlobals) = postSolution
		SolutionGuid = {A2491D91-F215-4C41-BA41-C237AB8C90A9}
	EndGlobalSection
EndGlobal
